
Microsoft Visual Studio Solution File, Format Version 12.00
# Visual Studio 14
VisualStudioVersion = 14.0.25420.1
MinimumVisualStudioVersion = 10.0.40219.1
Project("{FAE04EC0-301F-11D3-BF4B-00C04F79EFBC}") = "SortedName", "WebApplication1\SortedName.csproj", "{55AAEBA2-6A87-4B6E-A3C6-0B3E6E89A1C4}"
EndProject
Project("{FAE04EC0-301F-11D3-BF4B-00C04F79EFBC}") = "AppSortedTest", "AppSortedTest\AppSortedTest.csproj", "{A05DE10D-4780-4031-BBE1-660E0C647A75}"
EndProject
Global
	GlobalSection(SolutionConfigurationPlatforms) = preSolution
		Debug|Any CPU = Debug|Any CPU
		Release|Any CPU = Release|Any CPU
	EndGlobalSection
	GlobalSection(ProjectConfigurationPlatforms) = postSolution
		{55AAEBA2-6A87-4B6E-A3C6-0B3E6E89A1C4}.Debug|Any CPU.ActiveCfg = Debug|Any CPU
		{55AAEBA2-6A87-4B6E-A3C6-0B3E6E89A1C4}.Debug|Any CPU.Build.0 = Debug|Any CPU
		{55AAEBA2-6A87-4B6E-A3C6-0B3E6E89A1C4}.Release|Any CPU.ActiveCfg = Release|Any CPU
		{55AAEBA2-6A87-4B6E-A3C6-0B3E6E89A1C4}.Release|Any CPU.Build.0 = Release|Any CPU
		{A05DE10D-4780-4031-BBE1-660E0C647A75}.Debug|Any CPU.ActiveCfg = Debug|Any CPU
		{A05DE10D-4780-4031-BBE1-660E0C647A75}.Debug|Any CPU.Build.0 = Debug|Any CPU
		{A05DE10D-4780-4031-BBE1-660E0C647A75}.Release|Any CPU.ActiveCfg = Release|Any CPU
		{A05DE10D-4780-4031-BBE1-660E0C647A75}.Release|Any CPU.Build.0 = Release|Any CPU
	EndGlobalSection
	GlobalSection(SolutionProperties) = preSolution
		HideSolutionNode = FALSE
	EndGlobalSection
EndGlobal
